
Microsoft Visual Studio Solution File, Format Version 10.00
# Visual Studio 2008
Project("{FAE04EC0-301F-11D3-BF4B-00C04F79EFBC}") = "Pavel2", "Pavel2\Pavel2.csproj", "{AB432402-DD89-425A-BD61-7E9F56D1AE0C}"
EndProject
Global
	GlobalSection(SolutionConfigurationPlatforms) = preSolution
		Debug|Any CPU = Debug|Any CPU
		Release|Any CPU = Release|Any CPU
	EndGlobalSection
	GlobalSection(ProjectConfigurationPlatforms) = postSolution
		{AB432402-DD89-425A-BD61-7E9F56D1AE0C}.Debug|Any CPU.ActiveCfg = Debug|Any CPU
		{AB432402-DD89-425A-BD61-7E9F56D1AE0C}.Debug|Any CPU.Build.0 = Debug|Any CPU
		{AB432402-DD89-425A-BD61-7E9F56D1AE0C}.Release|Any CPU.ActiveCfg = Release|Any CPU
		{AB432402-DD89-425A-BD61-7E9F56D1AE0C}.Release|Any CPU.Build.0 = Release|Any CPU
	EndGlobalSection
	GlobalSection(SolutionProperties) = preSolution
		HideSolutionNode = FALSE
	EndGlobalSection
EndGlobal
